// !$*UTF8*$!
{
	archiveVersion = 1;
	classes = {
	};
	objectVersion = 46;
	objects = {

/* Begin PBXBuildFile section */
		79F09DF21C35185200B30B8F /* AppDelegate.swift in Sources */ = {isa = PBXBuildFile; fileRef = 79F09DF11C35185200B30B8F /* AppDelegate.swift */; };
		79F09DF41C35185200B30B8F /* ViewController.swift in Sources */ = {isa = PBXBuildFile; fileRef = 79F09DF31C35185200B30B8F /* ViewController.swift */; };
		79F09DF71C35185200B30B8F /* Main.storyboard in Resources */ = {isa = PBXBuildFile; fileRef = 79F09DF51C35185200B30B8F /* Main.storyboard */; };
		79F09DFA1C35185200B30B8F /* ToDoList.xcdatamodeld in Sources */ = {isa = PBXBuildFile; fileRef = 79F09DF81C35185200B30B8F /* ToDoList.xcdatamodeld */; };
		79F09DFC1C35185200B30B8F /* Assets.xcassets in Resources */ = {isa = PBXBuildFile; fileRef = 79F09DFB1C35185200B30B8F /* Assets.xcassets */; };
		79F09DFF1C35185200B30B8F /* LaunchScreen.storyboard in Resources */ = {isa = PBXBuildFile; fileRef = 79F09DFD1C35185200B30B8F /* LaunchScreen.storyboard */; };
/* End PBXBuildFile section */

/* Begin PBXFileReference section */
		79F09DEE1C35185200B30B8F /* ToDoList.app */ = {isa = PBXFileReference; explicitFileType = wrapper.application; includeInIndex = 0; path = ToDoList.app; sourceTree = BUILT_PRODUCTS_DIR; };
		79F09DF11C35185200B30B8F /* AppDelegate.swift */ = {isa = PBXFileReference; lastKnownFileType = sourcecode.swift; path = AppDelegate.swift; sourceTree = "<group>"; };
		79F09DF31C35185200B30B8F /* ViewController.swift */ = {isa = PBXFileReference; lastKnownFileType = sourcecode.swift; path = ViewController.swift; sourceTree = "<group>"; };
		79F09DF61C35185200B30B8F /* Base */ = {isa = PBXFileReference; lastKnownFileType = file.storyboard; name = Base; path = Base.lproj/Main.storyboard; sourceTree = "<group>"; };
		79F09DF91C35185200B30B8F /* ToDoList.xcdatamodel */ = {isa = PBXFileReference; lastKnownFileType = wrapper.xcdatamodel; path = ToDoList.xcdatamodel; sourceTree = "<group>"; };
		79F09DFB1C35185200B30B8F /* Assets.xcassets */ = {isa = PBXFileReference; lastKnownFileType = folder.assetcatalog; path = Assets.xcassets; sourceTree = "<group>"; };
		79F09DFE1C35185200B30B8F /* Base */ = {isa = PBXFileReference; lastKnownFileType = file.storyboard; name = Base; path = Base.lproj/LaunchScreen.storyboard; sourceTree = "<group>"; };
		79F09E001C35185200B30B8F /* Info.plist */ = {isa = PBXFileReference; lastKnownFileType = text.plist.xml; path = Info.plist; sourceTree = "<group>"; };
/* End PBXFileReference section */

/* Begin PBXFrameworksBuildPhase section */
		79F09DEB1C35185200B30B8F /* Frameworks */ = {
			isa = PBXFrameworksBuildPhase;
			buildActionMask = 2147483647;
			files = (
			);
			runOnlyForDeploymentPostprocessing = 0;
		};
/* End PBXFrameworksBuildPhase section */

/* Begin PBXGroup section */
		79F09DE51C35185200B30B8F = {
			isa = PBXGroup;
			children = (
				79F09DF01C35185200B30B8F /* ToDoList */,
				79F09DEF1C35185200B30B8F /* Products */,
			);
			sourceTree = "<group>";
		};
		79F09DEF1C35185200B30B8F /* Products */ = {
			isa = PBXGroup;
			children = (
				79F09DEE1C35185200B30B8F /* ToDoList.app */,
			);
			name = Products;
			sourceTree = "<group>";
		};
		79F09DF01C35185200B30B8F /* ToDoList */ = {
			isa = PBXGroup;
			children = (
				79F09DF11C35185200B30B8F /* AppDelegate.swift */,
				79F09DF31C35185200B30B8F /* ViewController.swift */,
				79F09DF51C35185200B30B8F /* Main.storyboard */,
				79F09DFB1C35185200B30B8F /* Assets.xcassets */,
				79F09DFD1C35185200B30B8F /* LaunchScreen.storyboard */,
				79F09E001C35185200B30B8F /* Info.plist */,
				79F09DF81C35185200B30B8F /* ToDoList.xcdatamodeld */,
			);
			path = ToDoList;
			sourceTree = "<group>";
		};
/* End PBXGroup section */

/* Begin PBXNativeTarget section */
		79F09DED1C35185200B30B8F /* ToDoList */ = {
			isa = PBXNativeTarget;
			buildConfigurationList = 79F09E031C35185200B30B8F /* Build configuration list for PBXNativeTarget "ToDoList" */;
			buildPhases = (
				79F09DEA1C35185200B30B8F /* Sources */,
				79F09DEB1C35185200B30B8F /* Frameworks */,
				79F09DEC1C35185200B30B8F /* Resources */,
			);
			buildRules = (
			);
			dependencies = (
			);
			name = ToDoList;
			productName = ToDoList;
			productReference = 79F09DEE1C35185200B30B8F /* ToDoList.app */;
			productType = "com.apple.product-type.application";
		};
/* End PBXNativeTarget section */

/* Begin PBXProject section */
		79F09DE61C35185200B30B8F /* Project object */ = {
			isa = PBXProject;
			attributes = {
				LastSwiftUpdateCheck = 0720;
				LastUpgradeCheck = 0720;
				ORGANIZATIONNAME = Aparna;
				TargetAttributes = {
					79F09DED1C35185200B30B8F = {
						CreatedOnToolsVersion = 7.2;
						DevelopmentTeam = 9T2M39D79U;
					};
				};
			};
			buildConfigurationList = 79F09DE91C35185200B30B8F /* Build configuration list for PBXProject "ToDoList" */;
			compatibilityVersion = "Xcode 3.2";
			developmentRegion = English;
			hasScannedForEncodings = 0;
			knownRegions = (
				en,
				Base,
			);
			mainGroup = 79F09DE51C35185200B30B8F;
			productRefGroup = 79F09DEF1C35185200B30B8F /* Products */;
			projectDirPath = "";
			projectRoot = "";
			targets = (
				79F09DED1C35185200B30B8F /* ToDoList */,
			);
		};
/* End PBXProject section */

/* Begin PBXResourcesBuildPhase section */
		79F09DEC1C35185200B30B8F /* Resources */ = {
			isa = PBXResourcesBuildPhase;
			buildActionMask = 2147483647;
			files = (
				79F09DFF1C35185200B30B8F /* LaunchScreen.storyboard in Resources */,
				79F09DFC1C35185200B30B8F /* Assets.xcassets in Resources */,
				79F09DF71C35185200B30B8F /* Main.storyboard in Resources */,
			);
			runOnlyForDeploymentPostprocessing = 0;
		};
/* End PBXResourcesBuildPhase section */

/* Begin PBXSourcesBuildPhase section */
		79F09DEA1C35185200B30B8F /* Sources */ = {
			isa = PBXSourcesBuildPhase;
			buildActionMask = 2147483647;
			files = (
				79F09DF41C35185200B30B8F /* ViewController.swift in Sources */,
				79F09DFA1C35185200B30B8F /* ToDoList.xcdatamodeld in Sources */,
				79F09DF21C35185200B30B8F /* AppDelegate.swift in Sources */,
			);
			runOnlyForDeploymentPostprocessing = 0;
		};
/* End PBXSourcesBuildPhase section */

/* Begin PBXVariantGroup section */
		79F09DF51C35185200B30B8F /* Main.storyboard */ = {
			isa = PBXVariantGroup;
			children = (
				79F09DF61C35185200B30B8F /* Base */,
			);
			name = Main.storyboard;
			sourceTree = "<group>";
		};
		79F09DFD1C35185200B30B8F /* LaunchScreen.storyboard */ = {
			isa = PBXVariantGroup;
			children = (
				79F09DFE1C35185200B30B8F /* Base */,
			);
			name = LaunchScreen.storyboard;
			sourceTree = "<group>";
		};
/* End PBXVariantGroup section */

/* Begin XCBuildConfiguration section */
		79F09E011C35185200B30B8F /* Debug */ = {
			isa = XCBuildConfiguration;
			buildSettings = {
				ALWAYS_SEARCH_USER_PATHS = NO;
				CLANG_CXX_LANGUAGE_STANDARD = "gnu++0x";
				CLANG_CXX_LIBRARY = "libc++";
				CLANG_ENABLE_MODULES = YES;
				CLANG_ENABLE_OBJC_ARC = YES;
				CLANG_WARN_BOOL_CONVERSION = YES;
				CLANG_WARN_CONSTANT_CONVERSION = YES;
				CLANG_WARN_DIRECT_OBJC_ISA_USAGE = YES_ERROR;
				CLANG_WARN_EMPTY_BODY = YES;
				CLANG_WARN_ENUM_CONVERSION = YES;
				CLANG_WARN_INT_CONVERSION = YES;
				CLANG_WARN_OBJC_ROOT_CLASS = YES_ERROR;
				CLANG_WARN_UNREACHABLE_CODE = YES;
				CLANG_WARN__DUPLICATE_METHOD_MATCH = YES;
				"CODE_SIGN_IDENTITY[sdk=iphoneos*]" = "iPhone Developer";
				COPY_PHASE_STRIP = NO;
				DEBUG_INFORMATION_FORMAT = dwarf;
				ENABLE_STRICT_OBJC_MSGSEND = YES;
				ENABLE_TESTABILITY = YES;
				GCC_C_LANGUAGE_STANDARD = gnu99;
				GCC_DYNAMIC_NO_PIC = NO;
				GCC_NO_COMMON_BLOCKS = YES;
				GCC_OPTIMIZATION_LEVEL = 0;
				GCC_PREPROCESSOR_DEFINITIONS = (
					"DEBUG=1",
					"$(inherited)",
				);
				GCC_WARN_64_TO_32_BIT_CONVERSION = YES;
				GCC_WARN_ABOUT_RETURN_TYPE = YES_ERROR;
				GCC_WARN_UNDECLARED_SELECTOR = YES;
				GCC_WARN_UNINITIALIZED_AUTOS = YES_AGGRESSIVE;
				GCC_WARN_UNUSED_FUNCTION = YES;
				GCC_WARN_UNUSED_VARIABLE = YES;
				IPHONEOS_DEPLOYMENT_TARGET = 9.2;
				MTL_ENABLE_DEBUG_INFO = YES;
				ONLY_ACTIVE_ARCH = YES;
				SDKROOT = iphoneos;
				SWIFT_OPTIMIZATION_LEVEL = "-Onone";
				TARGETED_DEVICE_FAMILY = "1,2";
			};
			name = Debug;
		};
		79F09E021C35185200B30B8F /* Release */ = {
			isa = XCBuildConfiguration;
			buildSettings = {
				ALWAYS_SEARCH_USER_PATHS = NO;
				CLANG_CXX_LANGUAGE_STANDARD = "gnu++0x";
				CLANG_CXX_LIBRARY = "libc++";
				CLANG_ENABLE_MODULES = YES;
				CLANG_ENABLE_OBJC_ARC = YES;
				CLANG_WARN_BOOL_CONVERSION = YES;
				CLANG_WARN_CONSTANT_CONVERSION = YES;
				CLANG_WARN_DIRECT_OBJC_ISA_USAGE = YES_ERROR;
				CLANG_WARN_EMPTY_BODY = YES;
				CLANG_WARN_ENUM_CONVERSION = YES;
				CLANG_WARN_INT_CONVERSION = YES;
				CLANG_WARN_OBJC_ROOT_CLASS = YES_ERROR;
				CLANG_WARN_UNREACHABLE_CODE = YES;
				CLANG_WARN__DUPLICATE_METHOD_MATCH = YES;
				"CODE_SIGN_IDENTITY[sdk=iphoneos*]" = "iPhone Developer";
				COPY_PHASE_STRIP = NO;
				DEBUG_INFORMATION_FORMAT = "dwarf-with-dsym";
				ENABLE_NS_ASSERTIONS = NO;
				ENABLE_STRICT_OBJC_MSGSEND = YES;
				GCC_C_LANGUAGE_STANDARD = gnu99;
				GCC_NO_COMMON_BLOCKS = YES;
				GCC_WARN_64_TO_32_BIT_CONVERSION = YES;
				GCC_WARN_ABOUT_RETURN_TYPE = YES_ERROR;
				GCC_WARN_UNDECLARED_SELECTOR = YES;
				GCC_WARN_UNINITIALIZED_AUTOS = YES_AGGRESSIVE;
				GCC_WARN_UNUSED_FUNCTION = YES;
				GCC_WARN_UNUSED_VARIABLE = YES;
				IPHONEOS_DEPLOYMENT_TARGET = 9.2;
				MTL_ENABLE_DEBUG_INFO = NO;
				SDKROOT = iphoneos;
				TARGETED_DEVICE_FAMILY = "1,2";
				VALIDATE_PRODUCT = YES;
			};
			name = Release;
		};
		79F09E041C35185200B30B8F /* Debug */ = {
			isa = XCBuildConfiguration;
			buildSettings = {
				ASSETCATALOG_COMPILER_APPICON_NAME = AppIcon;
				INFOPLIST_FILE = ToDoList/Info.plist;
				LD_RUNPATH_SEARCH_PATHS = "$(inherited) @executable_path/Frameworks";
				PRODUCT_BUNDLE_IDENTIFIER = com.Aparna.ToDoList;
				PRODUCT_NAME = "$(TARGET_NAME)";
			};
			name = Debug;
		};
		79F09E051C35185200B30B8F /* Release */ = {
			isa = XCBuildConfiguration;
			buildSettings = {
				ASSETCATALOG_COMPILER_APPICON_NAME = AppIcon;
				INFOPLIST_FILE = ToDoList/Info.plist;
				LD_RUNPATH_SEARCH_PATHS = "$(inherited) @executable_path/Frameworks";
				PRODUCT_BUNDLE_IDENTIFIER = com.Aparna.ToDoList;
				PRODUCT_NAME = "$(TARGET_NAME)";
			};
			name = Release;
		};
/* End XCBuildConfiguration section */

/* Begin XCConfigurationList section */
		79F09DE91C35185200B30B8F /* Build configuration list for PBXProject "ToDoList" */ = {
			isa = XCConfigurationList;
			buildConfigurations = (
				79F09E011C35185200B30B8F /* Debug */,
				79F09E021C35185200B30B8F /* Release */,
			);
			defaultConfigurationIsVisible = 0;
			defaultConfigurationName = Release;
		};
		79F09E031C35185200B30B8F /* Build configuration list for PBXNativeTarget "ToDoList" */ = {
			isa = XCConfigurationList;
			buildConfigurations = (
				79F09E041C35185200B30B8F /* Debug */,
				79F09E051C35185200B30B8F /* Release */,
			);
			defaultConfigurationIsVisible = 0;
		};
/* End XCConfigurationList section */

/* Begin XCVersionGroup section */
		79F09DF81C35185200B30B8F /* ToDoList.xcdatamodeld */ = {
			isa = XCVersionGroup;
			children = (
				79F09DF91C35185200B30B8F /* ToDoList.xcdatamodel */,
			);
			currentVersion = 79F09DF91C35185200B30B8F /* ToDoList.xcdatamodel */;
			path = ToDoList.xcdatamodeld;
			sourceTree = "<group>";
			versionGroupType = wrapper.xcdatamodel;
		};
/* End XCVersionGroup section */
	};
	rootObject = 79F09DE61C35185200B30B8F /* Project object */;
}
